// !$*UTF8*$!
{
	archiveVersion = 1;
	classes = {
	};
	objectVersion = 48;
	objects = {

/* Begin PBXBuildFile section */
		81188C4A201823670058467E /* AppDelegate.m in Sources */ = {isa = PBXBuildFile; fileRef = 81188C49201823670058467E /* AppDelegate.m */; };
		81188C4D201823670058467E /* ViewController.m in Sources */ = {isa = PBXBuildFile; fileRef = 81188C4C201823670058467E /* ViewController.m */; };
		81188C52201823670058467E /* Assets.xcassets in Resources */ = {isa = PBXBuildFile; fileRef = 81188C51201823670058467E /* Assets.xcassets */; };
		81188C55201823670058467E /* LaunchScreen.storyboard in Resources */ = {isa = PBXBuildFile; fileRef = 81188C53201823670058467E /* LaunchScreen.storyboard */; };
		81188C58201823670058467E /* main.m in Sources */ = {isa = PBXBuildFile; fileRef = 81188C57201823670058467E /* main.m */; };
		81188C60201824660058467E /* GLUtility.m in Sources */ = {isa = PBXBuildFile; fileRef = 81188C5F201824660058467E /* GLUtility.m */; };
		81188C62201995260058467E /* cube_vertex.glsl in Resources */ = {isa = PBXBuildFile; fileRef = 81188C61201995260058467E /* cube_vertex.glsl */; };
		81188C64201995680058467E /* cube_fragment.glsl in Resources */ = {isa = PBXBuildFile; fileRef = 81188C63201995680058467E /* cube_fragment.glsl */; };
/* End PBXBuildFile section */

/* Begin PBXFileReference section */
		81188C45201823670058467E /* OpenGL_Fun_OC.app */ = {isa = PBXFileReference; explicitFileType = wrapper.application; includeInIndex = 0; path = OpenGL_Fun_OC.app; sourceTree = BUILT_PRODUCTS_DIR; };
		81188C48201823670058467E /* AppDelegate.h */ = {isa = PBXFileReference; lastKnownFileType = sourcecode.c.h; path = AppDelegate.h; sourceTree = "<group>"; };
		81188C49201823670058467E /* AppDelegate.m */ = {isa = PBXFileReference; lastKnownFileType = sourcecode.c.objc; path = AppDelegate.m; sourceTree = "<group>"; };
		81188C4B201823670058467E /* ViewController.h */ = {isa = PBXFileReference; lastKnownFileType = sourcecode.c.h; path = ViewController.h; sourceTree = "<group>"; };
		81188C4C201823670058467E /* ViewController.m */ = {isa = PBXFileReference; lastKnownFileType = sourcecode.c.objc; path = ViewController.m; sourceTree = "<group>"; };
		81188C51201823670058467E /* Assets.xcassets */ = {isa = PBXFileReference; lastKnownFileType = folder.assetcatalog; path = Assets.xcassets; sourceTree = "<group>"; };
		81188C54201823670058467E /* Base */ = {isa = PBXFileReference; lastKnownFileType = file.storyboard; name = Base; path = Base.lproj/LaunchScreen.storyboard; sourceTree = "<group>"; };
		81188C56201823670058467E /* Info.plist */ = {isa = PBXFileReference; lastKnownFileType = text.plist.xml; path = Info.plist; sourceTree = "<group>"; };
		81188C57201823670058467E /* main.m */ = {isa = PBXFileReference; lastKnownFileType = sourcecode.c.objc; path = main.m; sourceTree = "<group>"; };
		81188C5E201824660058467E /* GLUtility.h */ = {isa = PBXFileReference; lastKnownFileType = sourcecode.c.h; path = GLUtility.h; sourceTree = "<group>"; };
		81188C5F201824660058467E /* GLUtility.m */ = {isa = PBXFileReference; lastKnownFileType = sourcecode.c.objc; path = GLUtility.m; sourceTree = "<group>"; };
		81188C61201995260058467E /* cube_vertex.glsl */ = {isa = PBXFileReference; lastKnownFileType = text; path = cube_vertex.glsl; sourceTree = "<group>"; };
		81188C63201995680058467E /* cube_fragment.glsl */ = {isa = PBXFileReference; lastKnownFileType = text; path = cube_fragment.glsl; sourceTree = "<group>"; };
/* End PBXFileReference section */

/* Begin PBXFrameworksBuildPhase section */
		81188C42201823670058467E /* Frameworks */ = {
			isa = PBXFrameworksBuildPhase;
			buildActionMask = 2147483647;
			files = (
			);
			runOnlyForDeploymentPostprocessing = 0;
		};
/* End PBXFrameworksBuildPhase section */

/* Begin PBXGroup section */
		81188C3C201823670058467E = {
			isa = PBXGroup;
			children = (
				81188C47201823670058467E /* OpenGL_Fun_OC */,
				81188C46201823670058467E /* Products */,
			);
			sourceTree = "<group>";
		};
		81188C46201823670058467E /* Products */ = {
			isa = PBXGroup;
			children = (
				81188C45201823670058467E /* OpenGL_Fun_OC.app */,
			);
			name = Products;
			sourceTree = "<group>";
		};
		81188C47201823670058467E /* OpenGL_Fun_OC */ = {
			isa = PBXGroup;
			children = (
				81188C48201823670058467E /* AppDelegate.h */,
				81188C49201823670058467E /* AppDelegate.m */,
				81188C4B201823670058467E /* ViewController.h */,
				81188C4C201823670058467E /* ViewController.m */,
				81188C5E201824660058467E /* GLUtility.h */,
				81188C5F201824660058467E /* GLUtility.m */,
				81188C652019959C0058467E /* Shaders */,
				81188C51201823670058467E /* Assets.xcassets */,
				81188C53201823670058467E /* LaunchScreen.storyboard */,
				81188C56201823670058467E /* Info.plist */,
				81188C57201823670058467E /* main.m */,
			);
			path = OpenGL_Fun_OC;
			sourceTree = "<group>";
		};
		81188C652019959C0058467E /* Shaders */ = {
			isa = PBXGroup;
			children = (
				81188C61201995260058467E /* cube_vertex.glsl */,
				81188C63201995680058467E /* cube_fragment.glsl */,
			);
			path = Shaders;
			sourceTree = "<group>";
		};
/* End PBXGroup section */

/* Begin PBXNativeTarget section */
		81188C44201823670058467E /* OpenGL_Fun_OC */ = {
			isa = PBXNativeTarget;
			buildConfigurationList = 81188C5B201823670058467E /* Build configuration list for PBXNativeTarget "OpenGL_Fun_OC" */;
			buildPhases = (
				81188C41201823670058467E /* Sources */,
				81188C42201823670058467E /* Frameworks */,
				81188C43201823670058467E /* Resources */,
			);
			buildRules = (
			);
			dependencies = (
			);
			name = OpenGL_Fun_OC;
			productName = OpenGL_Fun_OC;
			productReference = 81188C45201823670058467E /* OpenGL_Fun_OC.app */;
			productType = "com.apple.product-type.application";
		};
/* End PBXNativeTarget section */

/* Begin PBXProject section */
		81188C3D201823670058467E /* Project object */ = {
			isa = PBXProject;
			attributes = {
				LastUpgradeCheck = 0930;
				ORGANIZATIONNAME = DC;
				TargetAttributes = {
					81188C44201823670058467E = {
						CreatedOnToolsVersion = 9.2;
						ProvisioningStyle = Automatic;
					};
				};
			};
			buildConfigurationList = 81188C40201823670058467E /* Build configuration list for PBXProject "OpenGL_Fun_OC" */;
			compatibilityVersion = "Xcode 8.0";
			developmentRegion = en;
			hasScannedForEncodings = 0;
			knownRegions = (
				en,
				Base,
			);
			mainGroup = 81188C3C201823670058467E;
			productRefGroup = 81188C46201823670058467E /* Products */;
			projectDirPath = "";
			projectRoot = "";
			targets = (
				81188C44201823670058467E /* OpenGL_Fun_OC */,
			);
		};
/* End PBXProject section */

/* Begin PBXResourcesBuildPhase section */
		81188C43201823670058467E /* Resources */ = {
			isa = PBXResourcesBuildPhase;
			buildActionMask = 2147483647;
			files = (
				81188C62201995260058467E /* cube_vertex.glsl in Resources */,
				81188C55201823670058467E /* LaunchScreen.storyboard in Resources */,
				81188C64201995680058467E /* cube_fragment.glsl in Resources */,
				81188C52201823670058467E /* Assets.xcassets in Resources */,
			);
			runOnlyForDeploymentPostprocessing = 0;
		};
/* End PBXResourcesBuildPhase section */

/* Begin PBXSourcesBuildPhase section */
		81188C41201823670058467E /* Sources */ = {
			isa = PBXSourcesBuildPhase;
			buildActionMask = 2147483647;
			files = (
				81188C4D201823670058467E /* ViewController.m in Sources */,
				81188C60201824660058467E /* GLUtility.m in Sources */,
				81188C58201823670058467E /* main.m in Sources */,
				81188C4A201823670058467E /* AppDelegate.m in Sources */,
			);
			runOnlyForDeploymentPostprocessing = 0;
		};
/* End PBXSourcesBuildPhase section */

/* Begin PBXVariantGroup section */
		81188C53201823670058467E /* LaunchScreen.storyboard */ = {
			isa = PBXVariantGroup;
			children = (
				81188C54201823670058467E /* Base */,
			);
			name = LaunchScreen.storyboard;
			sourceTree = "<group>";
		};
/* End PBXVariantGroup section */

/* Begin XCBuildConfiguration section */
		81188C59201823670058467E /* Debug */ = {
			isa = XCBuildConfiguration;
			buildSettings = {
				ALWAYS_SEARCH_USER_PATHS = NO;
				CLANG_ANALYZER_NONNULL = YES;
				CLANG_ANALYZER_NUMBER_OBJECT_CONVERSION = YES_AGGRESSIVE;
				CLANG_CXX_LANGUAGE_STANDARD = "gnu++14";
				CLANG_CXX_LIBRARY = "libc++";
				CLANG_ENABLE_MODULES = YES;
				CLANG_ENABLE_OBJC_ARC = YES;
				CLANG_WARN_BLOCK_CAPTURE_AUTORELEASING = YES;
				CLANG_WARN_BOOL_CONVERSION = YES;
				CLANG_WARN_COMMA = YES;
				CLANG_WARN_CONSTANT_CONVERSION = YES;
				CLANG_WARN_DEPRECATED_OBJC_IMPLEMENTATIONS = YES;
				CLANG_WARN_DIRECT_OBJC_ISA_USAGE = YES_ERROR;
				CLANG_WARN_DOCUMENTATION_COMMENTS = YES;
				CLANG_WARN_EMPTY_BODY = YES;
				CLANG_WARN_ENUM_CONVERSION = YES;
				CLANG_WARN_INFINITE_RECURSION = YES;
				CLANG_WARN_INT_CONVERSION = YES;
				CLANG_WARN_NON_LITERAL_NULL_CONVERSION = YES;
				CLANG_WARN_OBJC_IMPLICIT_RETAIN_SELF = YES;
				CLANG_WARN_OBJC_LITERAL_CONVERSION = YES;
				CLANG_WARN_OBJC_ROOT_CLASS = YES_ERROR;
				CLANG_WARN_RANGE_LOOP_ANALYSIS = YES;
				CLANG_WARN_STRICT_PROTOTYPES = YES;
				CLANG_WARN_SUSPICIOUS_MOVE = YES;
				CLANG_WARN_UNGUARDED_AVAILABILITY = YES_AGGRESSIVE;
				CLANG_WARN_UNREACHABLE_CODE = YES;
				CLANG_WARN__DUPLICATE_METHOD_MATCH = YES;
				CODE_SIGN_IDENTITY = "iPhone Developer";
				COPY_PHASE_STRIP = NO;
				DEBUG_INFORMATION_FORMAT = dwarf;
				ENABLE_STRICT_OBJC_MSGSEND = YES;
				ENABLE_TESTABILITY = YES;
				GCC_C_LANGUAGE_STANDARD = gnu11;
				GCC_DYNAMIC_NO_PIC = NO;
				GCC_NO_COMMON_BLOCKS = YES;
				GCC_OPTIMIZATION_LEVEL = 0;
				GCC_PREPROCESSOR_DEFINITIONS = (
					"DEBUG=1",
					"$(inherited)",
				);
				GCC_WARN_64_TO_32_BIT_CONVERSION = YES;
				GCC_WARN_ABOUT_RETURN_TYPE = YES_ERROR;
				GCC_WARN_UNDECLARED_SELECTOR = YES;
				GCC_WARN_UNINITIALIZED_AUTOS = YES_AGGRESSIVE;
				GCC_WARN_UNUSED_FUNCTION = YES;
				GCC_WARN_UNUSED_VARIABLE = YES;
				IPHONEOS_DEPLOYMENT_TARGET = 11.2;
				MTL_ENABLE_DEBUG_INFO = YES;
				ONLY_ACTIVE_ARCH = YES;
				SDKROOT = iphoneos;
			};
			name = Debug;
		};
		81188C5A201823670058467E /* Release */ = {
			isa = XCBuildConfiguration;
			buildSettings = {
				ALWAYS_SEARCH_USER_PATHS = NO;
				CLANG_ANALYZER_NONNULL = YES;
				CLANG_ANALYZER_NUMBER_OBJECT_CONVERSION = YES_AGGRESSIVE;
				CLANG_CXX_LANGUAGE_STANDARD = "gnu++14";
				CLANG_CXX_LIBRARY = "libc++";
				CLANG_ENABLE_MODULES = YES;
				CLANG_ENABLE_OBJC_ARC = YES;
				CLANG_WARN_BLOCK_CAPTURE_AUTORELEASING = YES;
				CLANG_WARN_BOOL_CONVERSION = YES;
				CLANG_WARN_COMMA = YES;
				CLANG_WARN_CONSTANT_CONVERSION = YES;
				CLANG_WARN_DEPRECATED_OBJC_IMPLEMENTATIONS = YES;
				CLANG_WARN_DIRECT_OBJC_ISA_USAGE = YES_ERROR;
				CLANG_WARN_DOCUMENTATION_COMMENTS = YES;
				CLANG_WARN_EMPTY_BODY = YES;
				CLANG_WARN_ENUM_CONVERSION = YES;
				CLANG_WARN_INFINITE_RECURSION = YES;
				CLANG_WARN_INT_CONVERSION = YES;
				CLANG_WARN_NON_LITERAL_NULL_CONVERSION = YES;
				CLANG_WARN_OBJC_IMPLICIT_RETAIN_SELF = YES;
				CLANG_WARN_OBJC_LITERAL_CONVERSION = YES;
				CLANG_WARN_OBJC_ROOT_CLASS = YES_ERROR;
				CLANG_WARN_RANGE_LOOP_ANALYSIS = YES;
				CLANG_WARN_STRICT_PROTOTYPES = YES;
				CLANG_WARN_SUSPICIOUS_MOVE = YES;
				CLANG_WARN_UNGUARDED_AVAILABILITY = YES_AGGRESSIVE;
				CLANG_WARN_UNREACHABLE_CODE = YES;
				CLANG_WARN__DUPLICATE_METHOD_MATCH = YES;
				CODE_SIGN_IDENTITY = "iPhone Developer";
				COPY_PHASE_STRIP = NO;
				DEBUG_INFORMATION_FORMAT = "dwarf-with-dsym";
				ENABLE_NS_ASSERTIONS = NO;
				ENABLE_STRICT_OBJC_MSGSEND = YES;
				GCC_C_LANGUAGE_STANDARD = gnu11;
				GCC_NO_COMMON_BLOCKS = YES;
				GCC_WARN_64_TO_32_BIT_CONVERSION = YES;
				GCC_WARN_ABOUT_RETURN_TYPE = YES_ERROR;
				GCC_WARN_UNDECLARED_SELECTOR = YES;
				GCC_WARN_UNINITIALIZED_AUTOS = YES_AGGRESSIVE;
				GCC_WARN_UNUSED_FUNCTION = YES;
				GCC_WARN_UNUSED_VARIABLE = YES;
				IPHONEOS_DEPLOYMENT_TARGET = 11.2;
				MTL_ENABLE_DEBUG_INFO = NO;
				SDKROOT = iphoneos;
				VALIDATE_PRODUCT = YES;
			};
			name = Release;
		};
		81188C5C201823670058467E /* Debug */ = {
			isa = XCBuildConfiguration;
			buildSettings = {
				ASSETCATALOG_COMPILER_APPICON_NAME = AppIcon;
				CODE_SIGN_STYLE = Automatic;
				DEVELOPMENT_TEAM = 533LUBW3FY;
				INFOPLIST_FILE = OpenGL_Fun_OC/Info.plist;
				IPHONEOS_DEPLOYMENT_TARGET = 10;
				LD_RUNPATH_SEARCH_PATHS = "$(inherited) @executable_path/Frameworks";
				PRODUCT_BUNDLE_IDENTIFIER = "DC.OpenGL-Fun";
				PRODUCT_NAME = "$(TARGET_NAME)";
				TARGETED_DEVICE_FAMILY = "1,2";
			};
			name = Debug;
		};
		81188C5D201823670058467E /* Release */ = {
			isa = XCBuildConfiguration;
			buildSettings = {
				ASSETCATALOG_COMPILER_APPICON_NAME = AppIcon;
				CODE_SIGN_STYLE = Automatic;
				DEVELOPMENT_TEAM = 533LUBW3FY;
				INFOPLIST_FILE = OpenGL_Fun_OC/Info.plist;
				IPHONEOS_DEPLOYMENT_TARGET = 10;
				LD_RUNPATH_SEARCH_PATHS = "$(inherited) @executable_path/Frameworks";
				PRODUCT_BUNDLE_IDENTIFIER = "DC.OpenGL-Fun";
				PRODUCT_NAME = "$(TARGET_NAME)";
				TARGETED_DEVICE_FAMILY = "1,2";
			};
			name = Release;
		};
/* End XCBuildConfiguration section */

/* Begin XCConfigurationList section */
		81188C40201823670058467E /* Build configuration list for PBXProject "OpenGL_Fun_OC" */ = {
			isa = XCConfigurationList;
			buildConfigurations = (
				81188C59201823670058467E /* Debug */,
				81188C5A201823670058467E /* Release */,
			);
			defaultConfigurationIsVisible = 0;
			defaultConfigurationName = Release;
		};
		81188C5B201823670058467E /* Build configuration list for PBXNativeTarget "OpenGL_Fun_OC" */ = {
			isa = XCConfigurationList;
			buildConfigurations = (
				81188C5C201823670058467E /* Debug */,
				81188C5D201823670058467E /* Release */,
			);
			defaultConfigurationIsVisible = 0;
			defaultConfigurationName = Release;
		};
/* End XCConfigurationList section */
	};
	rootObject = 81188C3D201823670058467E /* Project object */;
}
